// !$*UTF8*$!
{
	archiveVersion = 1;
	classes = {
	};
	objectVersion = 55;
	objects = {

/* Begin PBXBuildFile section */
		34DB782527373519003FBBC9 /* MarsWeatherApp.swift in Sources */ = {isa = PBXBuildFile; fileRef = 34DB782427373519003FBBC9 /* MarsWeatherApp.swift */; };
		34DB782727373519003FBBC9 /* ContentView.swift in Sources */ = {isa = PBXBuildFile; fileRef = 34DB782627373519003FBBC9 /* ContentView.swift */; };
		34DB78292737351A003FBBC9 /* Assets.xcassets in Resources */ = {isa = PBXBuildFile; fileRef = 34DB78282737351A003FBBC9 /* Assets.xcassets */; };
		34DB782C2737351A003FBBC9 /* Preview Assets.xcassets in Resources */ = {isa = PBXBuildFile; fileRef = 34DB782B2737351A003FBBC9 /* Preview Assets.xcassets */; };
		34EC58052737693500A904C4 /* locationView.swift in Sources */ = {isa = PBXBuildFile; fileRef = 34EC58042737693500A904C4 /* locationView.swift */; };
		34EC58082737700600A904C4 /* Weather.swift in Sources */ = {isa = PBXBuildFile; fileRef = 34EC58072737700600A904C4 /* Weather.swift */; };
		34EC580A2737702A00A904C4 /* Unit.swift in Sources */ = {isa = PBXBuildFile; fileRef = 34EC58092737702A00A904C4 /* Unit.swift */; };
		34EC580C2737704F00A904C4 /* APIManager.swift in Sources */ = {isa = PBXBuildFile; fileRef = 34EC580B2737704F00A904C4 /* APIManager.swift */; };
		34EC580E2737719200A904C4 /* WeatherManager.swift in Sources */ = {isa = PBXBuildFile; fileRef = 34EC580D2737719200A904C4 /* WeatherManager.swift */; };
		34EC58102737954400A904C4 /* MainData.swift in Sources */ = {isa = PBXBuildFile; fileRef = 34EC580F2737954400A904C4 /* MainData.swift */; };
/* End PBXBuildFile section */

/* Begin PBXFileReference section */
		34DB782127373519003FBBC9 /* MarsWeather.app */ = {isa = PBXFileReference; explicitFileType = wrapper.application; includeInIndex = 0; path = MarsWeather.app; sourceTree = BUILT_PRODUCTS_DIR; };
		34DB782427373519003FBBC9 /* MarsWeatherApp.swift */ = {isa = PBXFileReference; lastKnownFileType = sourcecode.swift; path = MarsWeatherApp.swift; sourceTree = "<group>"; };
		34DB782627373519003FBBC9 /* ContentView.swift */ = {isa = PBXFileReference; lastKnownFileType = sourcecode.swift; path = ContentView.swift; sourceTree = "<group>"; };
		34DB78282737351A003FBBC9 /* Assets.xcassets */ = {isa = PBXFileReference; lastKnownFileType = folder.assetcatalog; path = Assets.xcassets; sourceTree = "<group>"; };
		34DB782B2737351A003FBBC9 /* Preview Assets.xcassets */ = {isa = PBXFileReference; lastKnownFileType = folder.assetcatalog; path = "Preview Assets.xcassets"; sourceTree = "<group>"; };
		34EC58042737693500A904C4 /* locationView.swift */ = {isa = PBXFileReference; lastKnownFileType = sourcecode.swift; path = locationView.swift; sourceTree = "<group>"; };
		34EC58072737700600A904C4 /* Weather.swift */ = {isa = PBXFileReference; lastKnownFileType = sourcecode.swift; path = Weather.swift; sourceTree = "<group>"; };
		34EC58092737702A00A904C4 /* Unit.swift */ = {isa = PBXFileReference; lastKnownFileType = sourcecode.swift; path = Unit.swift; sourceTree = "<group>"; };
		34EC580B2737704F00A904C4 /* APIManager.swift */ = {isa = PBXFileReference; lastKnownFileType = sourcecode.swift; path = APIManager.swift; sourceTree = "<group>"; };
		34EC580D2737719200A904C4 /* WeatherManager.swift */ = {isa = PBXFileReference; lastKnownFileType = sourcecode.swift; path = WeatherManager.swift; sourceTree = "<group>"; };
		34EC580F2737954400A904C4 /* MainData.swift */ = {isa = PBXFileReference; lastKnownFileType = sourcecode.swift; path = MainData.swift; sourceTree = "<group>"; };
/* End PBXFileReference section */

/* Begin PBXFrameworksBuildPhase section */
		34DB781E27373519003FBBC9 /* Frameworks */ = {
			isa = PBXFrameworksBuildPhase;
			buildActionMask = 2147483647;
			files = (
			);
			runOnlyForDeploymentPostprocessing = 0;
		};
/* End PBXFrameworksBuildPhase section */

/* Begin PBXGroup section */
		34DB781827373519003FBBC9 = {
			isa = PBXGroup;
			children = (
				34DB782327373519003FBBC9 /* MarsWeather */,
				34DB782227373519003FBBC9 /* Products */,
			);
			sourceTree = "<group>";
		};
		34DB782227373519003FBBC9 /* Products */ = {
			isa = PBXGroup;
			children = (
				34DB782127373519003FBBC9 /* MarsWeather.app */,
			);
			name = Products;
			sourceTree = "<group>";
		};
		34DB782327373519003FBBC9 /* MarsWeather */ = {
			isa = PBXGroup;
			children = (
				34EC580627376EA500A904C4 /* Utils */,
				34EC58032737691900A904C4 /* Views */,
				34DB782427373519003FBBC9 /* MarsWeatherApp.swift */,
				34DB782627373519003FBBC9 /* ContentView.swift */,
				34DB78282737351A003FBBC9 /* Assets.xcassets */,
				34DB782A2737351A003FBBC9 /* Preview Content */,
			);
			path = MarsWeather;
			sourceTree = "<group>";
		};
		34DB782A2737351A003FBBC9 /* Preview Content */ = {
			isa = PBXGroup;
			children = (
				34DB782B2737351A003FBBC9 /* Preview Assets.xcassets */,
			);
			path = "Preview Content";
			sourceTree = "<group>";
		};
		34EC58032737691900A904C4 /* Views */ = {
			isa = PBXGroup;
			children = (
				34EC58042737693500A904C4 /* locationView.swift */,
				34EC580F2737954400A904C4 /* MainData.swift */,
			);
			path = Views;
			sourceTree = "<group>";
		};
		34EC580627376EA500A904C4 /* Utils */ = {
			isa = PBXGroup;
			children = (
				34EC58072737700600A904C4 /* Weather.swift */,
				34EC58092737702A00A904C4 /* Unit.swift */,
				34EC580B2737704F00A904C4 /* APIManager.swift */,
				34EC580D2737719200A904C4 /* WeatherManager.swift */,
			);
			path = Utils;
			sourceTree = "<group>";
		};
/* End PBXGroup section */

/* Begin PBXNativeTarget section */
		34DB782027373519003FBBC9 /* MarsWeather */ = {
			isa = PBXNativeTarget;
			buildConfigurationList = 34DB782F2737351A003FBBC9 /* Build configuration list for PBXNativeTarget "MarsWeather" */;
			buildPhases = (
				34DB781D27373519003FBBC9 /* Sources */,
				34DB781E27373519003FBBC9 /* Frameworks */,
				34DB781F27373519003FBBC9 /* Resources */,
			);
			buildRules = (
			);
			dependencies = (
			);
			name = MarsWeather;
			productName = MarsWeather;
			productReference = 34DB782127373519003FBBC9 /* MarsWeather.app */;
			productType = "com.apple.product-type.application";
		};
/* End PBXNativeTarget section */

/* Begin PBXProject section */
		34DB781927373519003FBBC9 /* Project object */ = {
			isa = PBXProject;
			attributes = {
				BuildIndependentTargetsInParallel = 1;
				LastSwiftUpdateCheck = 1310;
				LastUpgradeCheck = 1310;
				TargetAttributes = {
					34DB782027373519003FBBC9 = {
						CreatedOnToolsVersion = 13.1;
					};
				};
			};
			buildConfigurationList = 34DB781C27373519003FBBC9 /* Build configuration list for PBXProject "MarsWeather" */;
			compatibilityVersion = "Xcode 13.0";
			developmentRegion = en;
			hasScannedForEncodings = 0;
			knownRegions = (
				en,
				Base,
			);
			mainGroup = 34DB781827373519003FBBC9;
			productRefGroup = 34DB782227373519003FBBC9 /* Products */;
			projectDirPath = "";
			projectRoot = "";
			targets = (
				34DB782027373519003FBBC9 /* MarsWeather */,
			);
		};
/* End PBXProject section */

/* Begin PBXResourcesBuildPhase section */
		34DB781F27373519003FBBC9 /* Resources */ = {
			isa = PBXResourcesBuildPhase;
			buildActionMask = 2147483647;
			files = (
				34DB782C2737351A003FBBC9 /* Preview Assets.xcassets in Resources */,
				34DB78292737351A003FBBC9 /* Assets.xcassets in Resources */,
			);
			runOnlyForDeploymentPostprocessing = 0;
		};
/* End PBXResourcesBuildPhase section */

/* Begin PBXSourcesBuildPhase section */
		34DB781D27373519003FBBC9 /* Sources */ = {
			isa = PBXSourcesBuildPhase;
			buildActionMask = 2147483647;
			files = (
				34EC58102737954400A904C4 /* MainData.swift in Sources */,
				34EC580C2737704F00A904C4 /* APIManager.swift in Sources */,
				34EC580A2737702A00A904C4 /* Unit.swift in Sources */,
				34EC58082737700600A904C4 /* Weather.swift in Sources */,
				34EC580E2737719200A904C4 /* WeatherManager.swift in Sources */,
				34DB782727373519003FBBC9 /* ContentView.swift in Sources */,
				34EC58052737693500A904C4 /* locationView.swift in Sources */,
				34DB782527373519003FBBC9 /* MarsWeatherApp.swift in Sources */,
			);
			runOnlyForDeploymentPostprocessing = 0;
		};
/* End PBXSourcesBuildPhase section */

/* Begin XCBuildConfiguration section */
		34DB782D2737351A003FBBC9 /* Debug */ = {
			isa = XCBuildConfiguration;
			buildSettings = {
				ALWAYS_SEARCH_USER_PATHS = NO;
				CLANG_ANALYZER_NONNULL = YES;
				CLANG_ANALYZER_NUMBER_OBJECT_CONVERSION = YES_AGGRESSIVE;
				CLANG_CXX_LANGUAGE_STANDARD = "gnu++17";
				CLANG_CXX_LIBRARY = "libc++";
				CLANG_ENABLE_MODULES = YES;
				CLANG_ENABLE_OBJC_ARC = YES;
				CLANG_ENABLE_OBJC_WEAK = YES;
				CLANG_WARN_BLOCK_CAPTURE_AUTORELEASING = YES;
				CLANG_WARN_BOOL_CONVERSION = YES;
				CLANG_WARN_COMMA = YES;
				CLANG_WARN_CONSTANT_CONVERSION = YES;
				CLANG_WARN_DEPRECATED_OBJC_IMPLEMENTATIONS = YES;
				CLANG_WARN_DIRECT_OBJC_ISA_USAGE = YES_ERROR;
				CLANG_WARN_DOCUMENTATION_COMMENTS = YES;
				CLANG_WARN_EMPTY_BODY = YES;
				CLANG_WARN_ENUM_CONVERSION = YES;
				CLANG_WARN_INFINITE_RECURSION = YES;
				CLANG_WARN_INT_CONVERSION = YES;
				CLANG_WARN_NON_LITERAL_NULL_CONVERSION = YES;
				CLANG_WARN_OBJC_IMPLICIT_RETAIN_SELF = YES;
				CLANG_WARN_OBJC_LITERAL_CONVERSION = YES;
				CLANG_WARN_OBJC_ROOT_CLASS = YES_ERROR;
				CLANG_WARN_QUOTED_INCLUDE_IN_FRAMEWORK_HEADER = YES;
				CLANG_WARN_RANGE_LOOP_ANALYSIS = YES;
				CLANG_WARN_STRICT_PROTOTYPES = YES;
				CLANG_WARN_SUSPICIOUS_MOVE = YES;
				CLANG_WARN_UNGUARDED_AVAILABILITY = YES_AGGRESSIVE;
				CLANG_WARN_UNREACHABLE_CODE = YES;
				CLANG_WARN__DUPLICATE_METHOD_MATCH = YES;
				COPY_PHASE_STRIP = NO;
				DEBUG_INFORMATION_FORMAT = dwarf;
				ENABLE_STRICT_OBJC_MSGSEND = YES;
				ENABLE_TESTABILITY = YES;
				GCC_C_LANGUAGE_STANDARD = gnu11;
				GCC_DYNAMIC_NO_PIC = NO;
				GCC_NO_COMMON_BLOCKS = YES;
				GCC_OPTIMIZATION_LEVEL = 0;
				GCC_PREPROCESSOR_DEFINITIONS = (
					"DEBUG=1",
					"$(inherited)",
				);
				GCC_WARN_64_TO_32_BIT_CONVERSION = YES;
				GCC_WARN_ABOUT_RETURN_TYPE = YES_ERROR;
				GCC_WARN_UNDECLARED_SELECTOR = YES;
				GCC_WARN_UNINITIALIZED_AUTOS = YES_AGGRESSIVE;
				GCC_WARN_UNUSED_FUNCTION = YES;
				GCC_WARN_UNUSED_VARIABLE = YES;
				IPHONEOS_DEPLOYMENT_TARGET = 15.0;
				MTL_ENABLE_DEBUG_INFO = INCLUDE_SOURCE;
				MTL_FAST_MATH = YES;
				ONLY_ACTIVE_ARCH = YES;
				SDKROOT = iphoneos;
				SWIFT_ACTIVE_COMPILATION_CONDITIONS = DEBUG;
				SWIFT_OPTIMIZATION_LEVEL = "-Onone";
			};
			name = Debug;
		};
		34DB782E2737351A003FBBC9 /* Release */ = {
			isa = XCBuildConfiguration;
			buildSettings = {
				ALWAYS_SEARCH_USER_PATHS = NO;
				CLANG_ANALYZER_NONNULL = YES;
				CLANG_ANALYZER_NUMBER_OBJECT_CONVERSION = YES_AGGRESSIVE;
				CLANG_CXX_LANGUAGE_STANDARD = "gnu++17";
				CLANG_CXX_LIBRARY = "libc++";
				CLANG_ENABLE_MODULES = YES;
				CLANG_ENABLE_OBJC_ARC = YES;
				CLANG_ENABLE_OBJC_WEAK = YES;
				CLANG_WARN_BLOCK_CAPTURE_AUTORELEASING = YES;
				CLANG_WARN_BOOL_CONVERSION = YES;
				CLANG_WARN_COMMA = YES;
				CLANG_WARN_CONSTANT_CONVERSION = YES;
				CLANG_WARN_DEPRECATED_OBJC_IMPLEMENTATIONS = YES;
				CLANG_WARN_DIRECT_OBJC_ISA_USAGE = YES_ERROR;
				CLANG_WARN_DOCUMENTATION_COMMENTS = YES;
				CLANG_WARN_EMPTY_BODY = YES;
				CLANG_WARN_ENUM_CONVERSION = YES;
				CLANG_WARN_INFINITE_RECURSION = YES;
				CLANG_WARN_INT_CONVERSION = YES;
				CLANG_WARN_NON_LITERAL_NULL_CONVERSION = YES;
				CLANG_WARN_OBJC_IMPLICIT_RETAIN_SELF = YES;
				CLANG_WARN_OBJC_LITERAL_CONVERSION = YES;
				CLANG_WARN_OBJC_ROOT_CLASS = YES_ERROR;
				CLANG_WARN_QUOTED_INCLUDE_IN_FRAMEWORK_HEADER = YES;
				CLANG_WARN_RANGE_LOOP_ANALYSIS = YES;
				CLANG_WARN_STRICT_PROTOTYPES = YES;
				CLANG_WARN_SUSPICIOUS_MOVE = YES;
				CLANG_WARN_UNGUARDED_AVAILABILITY = YES_AGGRESSIVE;
				CLANG_WARN_UNREACHABLE_CODE = YES;
				CLANG_WARN__DUPLICATE_METHOD_MATCH = YES;
				COPY_PHASE_STRIP = NO;
				DEBUG_INFORMATION_FORMAT = "dwarf-with-dsym";
				ENABLE_NS_ASSERTIONS = NO;
				ENABLE_STRICT_OBJC_MSGSEND = YES;
				GCC_C_LANGUAGE_STANDARD = gnu11;
				GCC_NO_COMMON_BLOCKS = YES;
				GCC_WARN_64_TO_32_BIT_CONVERSION = YES;
				GCC_WARN_ABOUT_RETURN_TYPE = YES_ERROR;
				GCC_WARN_UNDECLARED_SELECTOR = YES;
				GCC_WARN_UNINITIALIZED_AUTOS = YES_AGGRESSIVE;
				GCC_WARN_UNUSED_FUNCTION = YES;
				GCC_WARN_UNUSED_VARIABLE = YES;
				IPHONEOS_DEPLOYMENT_TARGET = 15.0;
				MTL_ENABLE_DEBUG_INFO = NO;
				MTL_FAST_MATH = YES;
				SDKROOT = iphoneos;
				SWIFT_COMPILATION_MODE = wholemodule;
				SWIFT_OPTIMIZATION_LEVEL = "-O";
				VALIDATE_PRODUCT = YES;
			};
			name = Release;
		};
		34DB78302737351A003FBBC9 /* Debug */ = {
			isa = XCBuildConfiguration;
			buildSettings = {
				ASSETCATALOG_COMPILER_APPICON_NAME = AppIcon;
				ASSETCATALOG_COMPILER_GLOBAL_ACCENT_COLOR_NAME = AccentColor;
				CODE_SIGN_STYLE = Automatic;
				CURRENT_PROJECT_VERSION = 1;
				DEVELOPMENT_ASSET_PATHS = "\"MarsWeather/Preview Content\"";
				DEVELOPMENT_TEAM = CMDUKRQ467;
				ENABLE_PREVIEWS = YES;
				GENERATE_INFOPLIST_FILE = YES;
				INFOPLIST_KEY_UIApplicationSceneManifest_Generation = YES;
				INFOPLIST_KEY_UIApplicationSupportsIndirectInputEvents = YES;
				INFOPLIST_KEY_UILaunchScreen_Generation = YES;
				INFOPLIST_KEY_UISupportedInterfaceOrientations_iPad = "UIInterfaceOrientationPortrait UIInterfaceOrientationPortraitUpsideDown UIInterfaceOrientationLandscapeLeft UIInterfaceOrientationLandscapeRight";
				INFOPLIST_KEY_UISupportedInterfaceOrientations_iPhone = "UIInterfaceOrientationPortrait UIInterfaceOrientationLandscapeLeft UIInterfaceOrientationLandscapeRight";
				LD_RUNPATH_SEARCH_PATHS = (
					"$(inherited)",
					"@executable_path/Frameworks",
				);
				MARKETING_VERSION = 1.0;
				PRODUCT_BUNDLE_IDENTIFIER = com.havenvanwormer.MarsWeather;
				PRODUCT_NAME = "$(TARGET_NAME)";
				SWIFT_EMIT_LOC_STRINGS = YES;
				SWIFT_VERSION = 5.0;
				TARGETED_DEVICE_FAMILY = "1,2";
			};
			name = Debug;
		};
		34DB78312737351A003FBBC9 /* Release */ = {
			isa = XCBuildConfiguration;
			buildSettings = {
				ASSETCATALOG_COMPILER_APPICON_NAME = AppIcon;
				ASSETCATALOG_COMPILER_GLOBAL_ACCENT_COLOR_NAME = AccentColor;
				CODE_SIGN_STYLE = Automatic;
				CURRENT_PROJECT_VERSION = 1;
				DEVELOPMENT_ASSET_PATHS = "\"MarsWeather/Preview Content\"";
				DEVELOPMENT_TEAM = CMDUKRQ467;
				ENABLE_PREVIEWS = YES;
				GENERATE_INFOPLIST_FILE = YES;
				INFOPLIST_KEY_UIApplicationSceneManifest_Generation = YES;
				INFOPLIST_KEY_UIApplicationSupportsIndirectInputEvents = YES;
				INFOPLIST_KEY_UILaunchScreen_Generation = YES;
				INFOPLIST_KEY_UISupportedInterfaceOrientations_iPad = "UIInterfaceOrientationPortrait UIInterfaceOrientationPortraitUpsideDown UIInterfaceOrientationLandscapeLeft UIInterfaceOrientationLandscapeRight";
				INFOPLIST_KEY_UISupportedInterfaceOrientations_iPhone = "UIInterfaceOrientationPortrait UIInterfaceOrientationLandscapeLeft UIInterfaceOrientationLandscapeRight";
				LD_RUNPATH_SEARCH_PATHS = (
					"$(inherited)",
					"@executable_path/Frameworks",
				);
				MARKETING_VERSION = 1.0;
				PRODUCT_BUNDLE_IDENTIFIER = com.havenvanwormer.MarsWeather;
				PRODUCT_NAME = "$(TARGET_NAME)";
				SWIFT_EMIT_LOC_STRINGS = YES;
				SWIFT_VERSION = 5.0;
				TARGETED_DEVICE_FAMILY = "1,2";
			};
			name = Release;
		};
/* End XCBuildConfiguration section */

/* Begin XCConfigurationList section */
		34DB781C27373519003FBBC9 /* Build configuration list for PBXProject "MarsWeather" */ = {
			isa = XCConfigurationList;
			buildConfigurations = (
				34DB782D2737351A003FBBC9 /* Debug */,
				34DB782E2737351A003FBBC9 /* Release */,
			);
			defaultConfigurationIsVisible = 0;
			defaultConfigurationName = Release;
		};
		34DB782F2737351A003FBBC9 /* Build configuration list for PBXNativeTarget "MarsWeather" */ = {
			isa = XCConfigurationList;
			buildConfigurations = (
				34DB78302737351A003FBBC9 /* Debug */,
				34DB78312737351A003FBBC9 /* Release */,
			);
			defaultConfigurationIsVisible = 0;
			defaultConfigurationName = Release;
		};
/* End XCConfigurationList section */
	};
	rootObject = 34DB781927373519003FBBC9 /* Project object */;
}
